%{"phoenix_channel_client": {:git, "https://github.com/mobileoverlord/phoenix_channel_client.git", "abb416e61eb3d4e7ccf03542ab2bc4ddf20a9dd1", []},
  "poison": {:hex, :poison, "1.5.0"},
  "websocket_client": {:git, "https://github.com/jeremyong/websocket_client.git", "f6892c8b55004008ce2d52be7d98b156f3e34569", []}}
